{
  "name": "xstate-cpp-generator",
  "version": "1.0.4",
  "lockfileVersion": 2,
  "requires": true,
  "packages": {
    "": {
      "name": "xstate-cpp-generator",
      "version": "1.0.4",
      "license": "MIT",
      "dependencies": {
        "@types/node": "^14.14.2",
        "chalk": "^4.1.0",
        "commander": "^6.1.0",
        "figlet": "^1.5.0",
        "squirrelly": "^8.0.8",
        "xstate": "^4.35.0"
      },
      "devDependencies": {
        "@types/node": "^14.14.2",
        "ts-node": "^9.0.0",
        "typescript": "^4.0.3",
        "xstate": "^4.35.0"
      }
    },
    "node_modules/@types/node": {
      "version": "14.14.2",
      "resolved": "http://artifactory.corp.mongodb.com/artifactory/api/npm/npm/@types/node/-/node-14.14.2.tgz",
      "integrity": "sha1-0lKV+eTKWYmixhB1TcAqlyEjXus=",
      "dev": true
    },
    "node_modules/ansi-styles": {
      "version": "4.3.0",
      "resolved": "http://artifactory.corp.mongodb.com/artifactory/api/npm/npm/ansi-styles/-/ansi-styles-4.3.0.tgz",
      "integrity": "sha1-7dgDYornHATIWuegkG7a00tkiTc=",
      "dependencies": {
        "color-convert": "^2.0.1"
      },
      "engines": {
        "node": ">=8"
      },
      "funding": {
        "url": "https://github.com/chalk/ansi-styles?sponsor=1"
      }
    },
    "node_modules/arg": {
      "version": "4.1.3",
      "resolved": "http://artifactory.corp.mongodb.com/artifactory/api/npm/npm/arg/-/arg-4.1.3.tgz",
      "integrity": "sha1-Jp/HrVuOQstjyJbVZmAXJhwUQIk=",
      "dev": true
    },
    "node_modules/buffer-from": {
      "version": "1.1.1",
      "resolved": "http://artifactory.corp.mongodb.com/artifactory/api/npm/npm/buffer-from/-/buffer-from-1.1.1.tgz",
      "integrity": "sha1-MnE7wCj3XAL9txDXx7zsHyxgcO8=",
      "dev": true
    },
    "node_modules/chalk": {
      "version": "4.1.0",
      "resolved": "http://artifactory.corp.mongodb.com/artifactory/api/npm/npm/chalk/-/chalk-4.1.0.tgz",
      "integrity": "sha1-ThSHCmGNni7dl92DRf2dncMVZGo=",
      "dependencies": {
        "ansi-styles": "^4.1.0",
        "supports-color": "^7.1.0"
      },
      "engines": {
        "node": ">=10"
      },
      "funding": {
        "url": "https://github.com/chalk/chalk?sponsor=1"
      }
    },
    "node_modules/color-convert": {
      "version": "2.0.1",
      "resolved": "http://artifactory.corp.mongodb.com/artifactory/api/npm/npm/color-convert/-/color-convert-2.0.1.tgz",
      "integrity": "sha1-ctOmjVmMm9s68q0ehPIdiWq9TeM=",
      "dependencies": {
        "color-name": "~1.1.4"
      },
      "engines": {
        "node": ">=7.0.0"
      }
    },
    "node_modules/color-name": {
      "version": "1.1.4",
      "resolved": "http://artifactory.corp.mongodb.com/artifactory/api/npm/npm/color-name/-/color-name-1.1.4.tgz",
      "integrity": "sha1-wqCah6y95pVD3m9j+jmVyCbFNqI="
    },
    "node_modules/commander": {
      "version": "6.1.0",
      "resolved": "http://artifactory.corp.mongodb.com/artifactory/api/npm/npm/commander/-/commander-6.1.0.tgz",
      "integrity": "sha1-+Ncit4EDFBAGtm9Me6HpcxW6dbw=",
      "engines": {
        "node": ">= 6"
      }
    },
    "node_modules/diff": {
      "version": "4.0.2",
      "resolved": "http://artifactory.corp.mongodb.com/artifactory/api/npm/npm/diff/-/diff-4.0.2.tgz",
      "integrity": "sha1-YPOuy4nV+uUgwRqhnvwruYKq3n0=",
      "dev": true,
      "engines": {
        "node": ">=0.3.1"
      }
    },
    "node_modules/figlet": {
      "version": "1.5.0",
      "resolved": "http://artifactory.corp.mongodb.com/artifactory/api/npm/npm/figlet/-/figlet-1.5.0.tgz",
      "integrity": "sha1-LbTQClhOUVWpYIBjLbkZITw+ADw=",
      "engines": {
        "node": ">= 0.4.0"
      }
    },
    "node_modules/has-flag": {
      "version": "4.0.0",
      "resolved": "http://artifactory.corp.mongodb.com/artifactory/api/npm/npm/has-flag/-/has-flag-4.0.0.tgz",
      "integrity": "sha1-lEdx/ZyByBJlxNaUGGDaBrtZR5s=",
      "engines": {
        "node": ">=8"
      }
    },
    "node_modules/make-error": {
      "version": "1.3.6",
      "resolved": "http://artifactory.corp.mongodb.com/artifactory/api/npm/npm/make-error/-/make-error-1.3.6.tgz",
      "integrity": "sha1-LrLjfqm2fEiR9oShOUeZr0hM96I=",
      "dev": true
    },
    "node_modules/source-map": {
      "version": "0.6.1",
      "resolved": "http://artifactory.corp.mongodb.com/artifactory/api/npm/npm/source-map/-/source-map-0.6.1.tgz",
      "integrity": "sha1-dHIq8y6WFOnCh6jQu95IteLxomM=",
      "dev": true,
      "engines": {
        "node": ">=0.10.0"
      }
    },
    "node_modules/source-map-support": {
      "version": "0.5.19",
      "resolved": "http://artifactory.corp.mongodb.com/artifactory/api/npm/npm/source-map-support/-/source-map-support-0.5.19.tgz",
      "integrity": "sha1-qYti+G3K9PZzmWSMCFKRq56P7WE=",
      "dev": true,
      "dependencies": {
        "buffer-from": "^1.0.0",
        "source-map": "^0.6.0"
      }
    },
    "node_modules/squirrelly": {
      "version": "8.0.8",
      "resolved": "http://artifactory.corp.mongodb.com/artifactory/api/npm/npm/squirrelly/-/squirrelly-8.0.8.tgz",
      "integrity": "sha1-1nBGULIXC4BA1d5b/5+mnLYrXg8=",
      "engines": {
        "node": ">=6.0.0"
      },
      "funding": {
        "url": "https://github.com/squirrellyjs/squirrelly?sponsor=1"
      }
    },
    "node_modules/supports-color": {
      "version": "7.2.0",
      "resolved": "http://artifactory.corp.mongodb.com/artifactory/api/npm/npm/supports-color/-/supports-color-7.2.0.tgz",
      "integrity": "sha1-G33NyzK4E4gBs+R4umpRyqiWSNo=",
      "dependencies": {
        "has-flag": "^4.0.0"
      },
      "engines": {
        "node": ">=8"
      }
    },
    "node_modules/ts-node": {
      "version": "9.0.0",
      "resolved": "http://artifactory.corp.mongodb.com/artifactory/api/npm/npm/ts-node/-/ts-node-9.0.0.tgz",
      "integrity": "sha1-52mdKhEMyMDTuDFxXkF2iGg0YLM=",
      "dev": true,
      "dependencies": {
        "arg": "^4.1.0",
        "diff": "^4.0.1",
        "make-error": "^1.1.1",
        "source-map-support": "^0.5.17",
        "yn": "3.1.1"
      },
      "bin": {
        "ts-node": "dist/bin.js",
        "ts-node-script": "dist/bin-script.js",
        "ts-node-transpile-only": "dist/bin-transpile.js",
        "ts-script": "dist/bin-script-deprecated.js"
      },
      "engines": {
        "node": ">=10.0.0"
      },
      "peerDependencies": {
        "typescript": ">=2.7"
      }
    },
    "node_modules/typescript": {
      "version": "4.0.3",
      "resolved": "http://artifactory.corp.mongodb.com/artifactory/api/npm/npm/typescript/-/typescript-4.0.3.tgz",
      "integrity": "sha1-FTu9Ro7wdyXB35x36LRT+NNqu6U=",
      "dev": true,
      "bin": {
        "tsc": "bin/tsc",
        "tsserver": "bin/tsserver"
      },
      "engines": {
        "node": ">=4.2.0"
      }
    },
    "node_modules/xstate": {
      "version": "4.35.3",
      "resolved": "https://registry.npmjs.org/xstate/-/xstate-4.35.3.tgz",
      "integrity": "sha512-/vM8la6OPcmT2P4R8p37P/Pzo8fTeEjvg+lxCfQ7vTeJg6NmzPHDJ5RdlrGfojEIabMxKW22Tm2kz8oV390Awg==",
      "dev": true,
      "funding": {
        "type": "opencollective",
        "url": "https://opencollective.com/xstate"
      }
    },
    "node_modules/yn": {
      "version": "3.1.1",
      "resolved": "http://artifactory.corp.mongodb.com/artifactory/api/npm/npm/yn/-/yn-3.1.1.tgz",
      "integrity": "sha1-HodAGgnXZ8HV6rJqbkwYUYLS61A=",
      "dev": true,
      "engines": {
        "node": ">=6"
      }
    }
  },
  "dependencies": {
    "@types/node": {
      "version": "14.14.2",
      "resolved": "http://artifactory.corp.mongodb.com/artifactory/api/npm/npm/@types/node/-/node-14.14.2.tgz",
      "integrity": "sha1-0lKV+eTKWYmixhB1TcAqlyEjXus=",
      "dev": true
    },
    "ansi-styles": {
      "version": "4.3.0",
      "resolved": "http://artifactory.corp.mongodb.com/artifactory/api/npm/npm/ansi-styles/-/ansi-styles-4.3.0.tgz",
      "integrity": "sha1-7dgDYornHATIWuegkG7a00tkiTc=",
      "requires": {
        "color-convert": "^2.0.1"
      }
    },
    "arg": {
      "version": "4.1.3",
      "resolved": "http://artifactory.corp.mongodb.com/artifactory/api/npm/npm/arg/-/arg-4.1.3.tgz",
      "integrity": "sha1-Jp/HrVuOQstjyJbVZmAXJhwUQIk=",
      "dev": true
    },
    "buffer-from": {
      "version": "1.1.1",
      "resolved": "http://artifactory.corp.mongodb.com/artifactory/api/npm/npm/buffer-from/-/buffer-from-1.1.1.tgz",
      "integrity": "sha1-MnE7wCj3XAL9txDXx7zsHyxgcO8=",
      "dev": true
    },
    "chalk": {
      "version": "4.1.0",
      "resolved": "http://artifactory.corp.mongodb.com/artifactory/api/npm/npm/chalk/-/chalk-4.1.0.tgz",
      "integrity": "sha1-ThSHCmGNni7dl92DRf2dncMVZGo=",
      "requires": {
        "ansi-styles": "^4.1.0",
        "supports-color": "^7.1.0"
      }
    },
    "color-convert": {
      "version": "2.0.1",
      "resolved": "http://artifactory.corp.mongodb.com/artifactory/api/npm/npm/color-convert/-/color-convert-2.0.1.tgz",
      "integrity": "sha1-ctOmjVmMm9s68q0ehPIdiWq9TeM=",
      "requires": {
        "color-name": "~1.1.4"
      }
    },
    "color-name": {
      "version": "1.1.4",
      "resolved": "http://artifactory.corp.mongodb.com/artifactory/api/npm/npm/color-name/-/color-name-1.1.4.tgz",
      "integrity": "sha1-wqCah6y95pVD3m9j+jmVyCbFNqI="
    },
    "commander": {
      "version": "6.1.0",
      "resolved": "http://artifactory.corp.mongodb.com/artifactory/api/npm/npm/commander/-/commander-6.1.0.tgz",
      "integrity": "sha1-+Ncit4EDFBAGtm9Me6HpcxW6dbw="
    },
    "diff": {
      "version": "4.0.2",
      "resolved": "http://artifactory.corp.mongodb.com/artifactory/api/npm/npm/diff/-/diff-4.0.2.tgz",
      "integrity": "sha1-YPOuy4nV+uUgwRqhnvwruYKq3n0=",
      "dev": true
    },
    "figlet": {
      "version": "1.5.0",
      "resolved": "http://artifactory.corp.mongodb.com/artifactory/api/npm/npm/figlet/-/figlet-1.5.0.tgz",
      "integrity": "sha1-LbTQClhOUVWpYIBjLbkZITw+ADw="
    },
    "has-flag": {
      "version": "4.0.0",
      "resolved": "http://artifactory.corp.mongodb.com/artifactory/api/npm/npm/has-flag/-/has-flag-4.0.0.tgz",
      "integrity": "sha1-lEdx/ZyByBJlxNaUGGDaBrtZR5s="
    },
    "make-error": {
      "version": "1.3.6",
      "resolved": "http://artifactory.corp.mongodb.com/artifactory/api/npm/npm/make-error/-/make-error-1.3.6.tgz",
      "integrity": "sha1-LrLjfqm2fEiR9oShOUeZr0hM96I=",
      "dev": true
    },
    "source-map": {
      "version": "0.6.1",
      "resolved": "http://artifactory.corp.mongodb.com/artifactory/api/npm/npm/source-map/-/source-map-0.6.1.tgz",
      "integrity": "sha1-dHIq8y6WFOnCh6jQu95IteLxomM=",
      "dev": true
    },
    "source-map-support": {
      "version": "0.5.19",
      "resolved": "http://artifactory.corp.mongodb.com/artifactory/api/npm/npm/source-map-support/-/source-map-support-0.5.19.tgz",
      "integrity": "sha1-qYti+G3K9PZzmWSMCFKRq56P7WE=",
      "dev": true,
      "requires": {
        "buffer-from": "^1.0.0",
        "source-map": "^0.6.0"
      }
    },
    "squirrelly": {
      "version": "8.0.8",
      "resolved": "http://artifactory.corp.mongodb.com/artifactory/api/npm/npm/squirrelly/-/squirrelly-8.0.8.tgz",
      "integrity": "sha1-1nBGULIXC4BA1d5b/5+mnLYrXg8="
    },
    "supports-color": {
      "version": "7.2.0",
      "resolved": "http://artifactory.corp.mongodb.com/artifactory/api/npm/npm/supports-color/-/supports-color-7.2.0.tgz",
      "integrity": "sha1-G33NyzK4E4gBs+R4umpRyqiWSNo=",
      "requires": {
        "has-flag": "^4.0.0"
      }
    },
    "ts-node": {
      "version": "9.0.0",
      "resolved": "http://artifactory.corp.mongodb.com/artifactory/api/npm/npm/ts-node/-/ts-node-9.0.0.tgz",
      "integrity": "sha1-52mdKhEMyMDTuDFxXkF2iGg0YLM=",
      "dev": true,
      "requires": {
        "arg": "^4.1.0",
        "diff": "^4.0.1",
        "make-error": "^1.1.1",
        "source-map-support": "^0.5.17",
        "yn": "3.1.1"
      }
    },
    "typescript": {
      "version": "4.0.3",
      "resolved": "http://artifactory.corp.mongodb.com/artifactory/api/npm/npm/typescript/-/typescript-4.0.3.tgz",
      "integrity": "sha1-FTu9Ro7wdyXB35x36LRT+NNqu6U=",
      "dev": true
    },
    "xstate": {
      "version": "4.35.3",
      "resolved": "https://registry.npmjs.org/xstate/-/xstate-4.35.3.tgz",
      "integrity": "sha512-/vM8la6OPcmT2P4R8p37P/Pzo8fTeEjvg+lxCfQ7vTeJg6NmzPHDJ5RdlrGfojEIabMxKW22Tm2kz8oV390Awg==",
      "dev": true
    },
    "yn": {
      "version": "3.1.1",
      "resolved": "http://artifactory.corp.mongodb.com/artifactory/api/npm/npm/yn/-/yn-3.1.1.tgz",
      "integrity": "sha1-HodAGgnXZ8HV6rJqbkwYUYLS61A=",
      "dev": true
    }
  }
}
